
Microsoft Visual Studio Solution File, Format Version 12.00
# Visual Studio Version 16
VisualStudioVersion = 16.0.29009.5
MinimumVisualStudioVersion = 10.0.40219.1
Project("{2150E333-8FDC-42A3-9474-1A3956D46DE8}") = "BaseDeDatos", "BaseDeDatos", "{053636B2-3E22-459E-9BAB-BE9CC85013BA}"
EndProject
Project("{FAE04EC0-301F-11D3-BF4B-00C04F79EFBC}") = "InkaTrialDB", "InkaTrialDB\InkaTrialDB.csproj", "{6267DE25-FD2A-4FA6-837C-CEBE757DE9DE}"
EndProject
Project("{2150E333-8FDC-42A3-9474-1A3956D46DE8}") = "Entidades", "Entidades", "{C32C5DBF-F44D-4D78-9C88-45515AB10473}"
EndProject
Project("{FAE04EC0-301F-11D3-BF4B-00C04F79EFBC}") = "ModelEntity", "ModelEntity\ModelEntity.csproj", "{AD4F215C-2348-42A8-9F47-A763ACCEB283}"
EndProject
Project("{2150E333-8FDC-42A3-9474-1A3956D46DE8}") = "Repositorio", "Repositorio", "{C8A3CA35-CF87-4622-9B0E-8B406CA31093}"
EndProject
Project("{FAE04EC0-301F-11D3-BF4B-00C04F79EFBC}") = "Repositorio", "Repositorio\Repositorio.csproj", "{02623C02-E738-4D13-AA74-E1B7F2D6BEDB}"
EndProject
Project("{FAE04EC0-301F-11D3-BF4B-00C04F79EFBC}") = "ModelComun", "ModelComun\ModelComun.csproj", "{2A926CE6-F4C4-4FC7-B903-86AEC3D25702}"
EndProject
Project("{2150E333-8FDC-42A3-9474-1A3956D46DE8}") = "Negocio", "Negocio", "{EDAF375B-FB6D-4A5D-8F36-89257B796FEE}"
EndProject
Project("{FAE04EC0-301F-11D3-BF4B-00C04F79EFBC}") = "Negocio", "Negocio\Negocio.csproj", "{B6DB7E4B-3F08-43F2-B2F3-A9483B4E599B}"
EndProject
Project("{2150E333-8FDC-42A3-9474-1A3956D46DE8}") = "Servicios", "Servicios", "{46FD2F4C-4D5B-4704-B5BA-F648E17C4B60}"
EndProject
Global
	GlobalSection(SolutionConfigurationPlatforms) = preSolution
		Debug|Any CPU = Debug|Any CPU
		Release|Any CPU = Release|Any CPU
	EndGlobalSection
	GlobalSection(ProjectConfigurationPlatforms) = postSolution
		{6267DE25-FD2A-4FA6-837C-CEBE757DE9DE}.Debug|Any CPU.ActiveCfg = Debug|Any CPU
		{6267DE25-FD2A-4FA6-837C-CEBE757DE9DE}.Debug|Any CPU.Build.0 = Debug|Any CPU
		{6267DE25-FD2A-4FA6-837C-CEBE757DE9DE}.Release|Any CPU.ActiveCfg = Release|Any CPU
		{6267DE25-FD2A-4FA6-837C-CEBE757DE9DE}.Release|Any CPU.Build.0 = Release|Any CPU
		{AD4F215C-2348-42A8-9F47-A763ACCEB283}.Debug|Any CPU.ActiveCfg = Debug|Any CPU
		{AD4F215C-2348-42A8-9F47-A763ACCEB283}.Debug|Any CPU.Build.0 = Debug|Any CPU
		{AD4F215C-2348-42A8-9F47-A763ACCEB283}.Release|Any CPU.ActiveCfg = Release|Any CPU
		{AD4F215C-2348-42A8-9F47-A763ACCEB283}.Release|Any CPU.Build.0 = Release|Any CPU
		{02623C02-E738-4D13-AA74-E1B7F2D6BEDB}.Debug|Any CPU.ActiveCfg = Debug|Any CPU
		{02623C02-E738-4D13-AA74-E1B7F2D6BEDB}.Debug|Any CPU.Build.0 = Debug|Any CPU
		{02623C02-E738-4D13-AA74-E1B7F2D6BEDB}.Release|Any CPU.ActiveCfg = Release|Any CPU
		{02623C02-E738-4D13-AA74-E1B7F2D6BEDB}.Release|Any CPU.Build.0 = Release|Any CPU
		{2A926CE6-F4C4-4FC7-B903-86AEC3D25702}.Debug|Any CPU.ActiveCfg = Debug|Any CPU
		{2A926CE6-F4C4-4FC7-B903-86AEC3D25702}.Debug|Any CPU.Build.0 = Debug|Any CPU
		{2A926CE6-F4C4-4FC7-B903-86AEC3D25702}.Release|Any CPU.ActiveCfg = Release|Any CPU
		{2A926CE6-F4C4-4FC7-B903-86AEC3D25702}.Release|Any CPU.Build.0 = Release|Any CPU
		{B6DB7E4B-3F08-43F2-B2F3-A9483B4E599B}.Debug|Any CPU.ActiveCfg = Debug|Any CPU
		{B6DB7E4B-3F08-43F2-B2F3-A9483B4E599B}.Debug|Any CPU.Build.0 = Debug|Any CPU
		{B6DB7E4B-3F08-43F2-B2F3-A9483B4E599B}.Release|Any CPU.ActiveCfg = Release|Any CPU
		{B6DB7E4B-3F08-43F2-B2F3-A9483B4E599B}.Release|Any CPU.Build.0 = Release|Any CPU
	EndGlobalSection
	GlobalSection(SolutionProperties) = preSolution
		HideSolutionNode = FALSE
	EndGlobalSection
	GlobalSection(NestedProjects) = preSolution
		{6267DE25-FD2A-4FA6-837C-CEBE757DE9DE} = {053636B2-3E22-459E-9BAB-BE9CC85013BA}
		{AD4F215C-2348-42A8-9F47-A763ACCEB283} = {C32C5DBF-F44D-4D78-9C88-45515AB10473}
		{02623C02-E738-4D13-AA74-E1B7F2D6BEDB} = {C8A3CA35-CF87-4622-9B0E-8B406CA31093}
		{2A926CE6-F4C4-4FC7-B903-86AEC3D25702} = {C32C5DBF-F44D-4D78-9C88-45515AB10473}
		{B6DB7E4B-3F08-43F2-B2F3-A9483B4E599B} = {EDAF375B-FB6D-4A5D-8F36-89257B796FEE}
	EndGlobalSection
	GlobalSection(ExtensibilityGlobals) = postSolution
		SolutionGuid = {7A28E5CB-C480-4A09-955C-3E2F25E00D7A}
	EndGlobalSection
EndGlobal
